# This file is automatically @generated by Cargo.
# It is not intended for manual editing.
version = 3

[[package]]
name = "allegro"
version = "0.0.43"
source = "registry+https://github.com/rust-lang/crates.io-index"
checksum = "087b801a25679003bad3938ec9a9d2c26ba4a2d1c0e15a7ba83854f30b37b269"
dependencies = [
 "allegro-sys",
 "allegro_util",
 "lazy_static",
 "libc",
]

[[package]]
name = "allegro-sys"
version = "0.0.43"
source = "registry+https://github.com/rust-lang/crates.io-index"
checksum = "4134d22bdb490694658cc3fb18610624e7e29e25abfee214d2a58fee3d86e41a"
dependencies = [
 "allegro_util",
 "libc",
]

[[package]]
name = "allegro_primitives"
version = "0.0.43"
source = "registry+https://github.com/rust-lang/crates.io-index"
checksum = "d897f4767943a14464fdf0b51ac62ae8a455390ea835be44068e5bffc5bfd8ca"
dependencies = [
 "allegro",
 "allegro-sys",
 "allegro_primitives-sys",
 "libc",
]

[[package]]
name = "allegro_primitives-sys"
version = "0.0.43"
source = "registry+https://github.com/rust-lang/crates.io-index"
checksum = "d75c5fe48d535485ba9fa71eb131cf98c72ad16f2b7a0b7d6e27c88b9bd2ecc3"
dependencies = [
 "allegro-sys",
 "allegro_util",
 "libc",
]

[[package]]
name = "allegro_util"
version = "0.0.43"
source = "registry+https://github.com/rust-lang/crates.io-index"
checksum = "bfb00c8bf39072c58915edbc59276392c05920b6fc5ffcc13984cd7328a1fad0"
dependencies = [
 "libc",
]

[[package]]
name = "fractal_generator_rust_allegro"
version = "0.1.0"
dependencies = [
 "allegro",
 "allegro_primitives",
]

[[package]]
name = "lazy_static"
version = "1.4.0"
source = "registry+https://github.com/rust-lang/crates.io-index"
checksum = "e2abad23fbc42b3700f2f279844dc832adb2b2eb069b2df918f455c4e18cc646"

[[package]]
name = "libc"
version = "0.2.126"
source = "registry+https://github.com/rust-lang/crates.io-index"
checksum = "349d5a591cd28b49e1d1037471617a32ddcda5731b99419008085f72d5a53836"
